{
  "version": 4,
  "terraform_version": "1.2.9",
  "serial": 22,
  "lineage": "7b598054-d112-d33b-15a2-94fb23137464",
  "outputs": {},
  "resources": [
    {
      "mode": "managed",
      "type": "google_compute_network",
      "name": "reto4_network",
      "provider": "provider[\"registry.terraform.io/hashicorp/google\"]",
      "instances": [
        {
          "schema_version": 0,
          "attributes": {
            "auto_create_subnetworks": true,
            "delete_default_routes_on_create": false,
            "description": "",
            "enable_ula_internal_ipv6": false,
            "gateway_ipv4": "",
            "id": "projects/reto4-moodle/global/networks/reto4-network",
            "internal_ipv6_range": "",
            "mtu": 0,
            "name": "reto4-network",
            "network_firewall_policy_enforcement_order": "AFTER_CLASSIC_FIREWALL",
            "project": "reto4-moodle",
            "routing_mode": "REGIONAL",
            "self_link": "https://www.googleapis.com/compute/v1/projects/reto4-moodle/global/networks/reto4-network",
            "timeouts": null
          },
          "sensitive_attributes": [],
          "private": "eyJlMmJmYjczMC1lY2FhLTExZTYtOGY4OC0zNDM2M2JjN2M0YzAiOnsiY3JlYXRlIjoxMjAwMDAwMDAwMDAwLCJkZWxldGUiOjEyMDAwMDAwMDAwMDAsInVwZGF0ZSI6MTIwMDAwMDAwMDAwMH19",
          "create_before_destroy": true
        }
      ]
    },
    {
      "module": "module.nfs",
      "mode": "data",
      "type": "google_compute_zones",
      "name": "available",
      "provider": "provider[\"registry.terraform.io/hashicorp/google\"]",
      "instances": [
        {
          "schema_version": 0,
          "attributes": {
            "id": "projects/reto4-moodle/regions/us-central1",
            "names": [
              "us-central1-a",
              "us-central1-b",
              "us-central1-c",
              "us-central1-f"
            ],
            "project": "reto4-moodle",
            "region": "us-central1",
            "status": null
          },
          "sensitive_attributes": []
        }
      ]
    },
    {
      "module": "module.nfs",
      "mode": "managed",
      "type": "google_compute_address",
      "name": "default",
      "provider": "provider[\"registry.terraform.io/hashicorp/google\"]",
      "instances": [
        {
          "schema_version": 0,
          "attributes": {
            "address": "35.206.114.29",
            "address_type": "EXTERNAL",
            "creation_timestamp": "2023-05-02T18:53:33.193-07:00",
            "description": "",
            "id": "projects/reto4-moodle/regions/us-central1/addresses/moodle-nfs-nfs-ip",
            "name": "moodle-nfs-nfs-ip",
            "network": "",
            "network_tier": "STANDARD",
            "prefix_length": 0,
            "project": "reto4-moodle",
            "purpose": "",
            "region": "us-central1",
            "self_link": "https://www.googleapis.com/compute/v1/projects/reto4-moodle/regions/us-central1/addresses/moodle-nfs-nfs-ip",
            "subnetwork": "",
            "timeouts": null,
            "users": []
          },
          "sensitive_attributes": [],
          "private": "eyJlMmJmYjczMC1lY2FhLTExZTYtOGY4OC0zNDM2M2JjN2M0YzAiOnsiY3JlYXRlIjoxMjAwMDAwMDAwMDAwLCJkZWxldGUiOjEyMDAwMDAwMDAwMDB9fQ==",
          "create_before_destroy": true
        }
      ]
    },
    {
      "module": "module.nfs",
      "mode": "managed",
      "type": "google_compute_disk",
      "name": "default",
      "provider": "provider[\"registry.terraform.io/hashicorp/google\"]",
      "instances": [
        {
          "schema_version": 0,
          "attributes": {
            "creation_timestamp": "2023-05-02T18:53:34.427-07:00",
            "description": "",
            "disk_encryption_key": [],
            "id": "projects/reto4-moodle/zones/us-central1-a/disks/moodle-nfs-disk",
            "image": "https://www.googleapis.com/compute/v1/projects/ubuntu-os-cloud/global/images/ubuntu-2004-focal-v20230302",
            "label_fingerprint": "42WmSpB8rSM=",
            "labels": null,
            "last_attach_timestamp": "",
            "last_detach_timestamp": "",
            "name": "moodle-nfs-disk",
            "physical_block_size_bytes": 4096,
            "project": "reto4-moodle",
            "provisioned_iops": 0,
            "self_link": "https://www.googleapis.com/compute/v1/projects/reto4-moodle/zones/us-central1-a/disks/moodle-nfs-disk",
            "size": 10,
            "snapshot": "",
            "source_disk": "",
            "source_disk_id": "",
            "source_image_encryption_key": [],
            "source_image_id": "8590691149326093337",
            "source_snapshot_encryption_key": [],
            "source_snapshot_id": "",
            "timeouts": null,
            "type": "pd-standard",
            "users": [],
            "zone": "us-central1-a"
          },
          "sensitive_attributes": [],
          "private": "eyJlMmJmYjczMC1lY2FhLTExZTYtOGY4OC0zNDM2M2JjN2M0YzAiOnsiY3JlYXRlIjoxMjAwMDAwMDAwMDAwLCJkZWxldGUiOjEyMDAwMDAwMDAwMDAsInVwZGF0ZSI6MTIwMDAwMDAwMDAwMH19",
          "dependencies": [
            "module.nfs.data.google_compute_zones.available"
          ],
          "create_before_destroy": true
        }
      ]
    },
    {
      "module": "module.nfs",
      "mode": "managed",
      "type": "google_compute_firewall",
      "name": "nfs_firewall_rule",
      "provider": "provider[\"registry.terraform.io/hashicorp/google\"]",
      "instances": [
        {
          "schema_version": 1,
          "attributes": {
            "allow": [
              {
                "ports": [
                  "111",
                  "2049"
                ],
                "protocol": "tcp"
              },
              {
                "ports": [
                  "111",
                  "2049"
                ],
                "protocol": "udp"
              }
            ],
            "creation_timestamp": "2023-05-02T18:54:27.344-07:00",
            "deny": [],
            "description": "",
            "destination_ranges": [],
            "direction": "INGRESS",
            "disabled": false,
            "enable_logging": null,
            "id": "projects/reto4-moodle/global/firewalls/moodle-nfs-nfs",
            "log_config": [],
            "name": "moodle-nfs-nfs",
            "network": "https://www.googleapis.com/compute/v1/projects/reto4-moodle/global/networks/reto4-network",
            "priority": 1000,
            "project": "reto4-moodle",
            "self_link": "https://www.googleapis.com/compute/v1/projects/reto4-moodle/global/firewalls/moodle-nfs-nfs",
            "source_ranges": [
              "0.0.0.0/0"
            ],
            "source_service_accounts": null,
            "source_tags": null,
            "target_service_accounts": null,
            "target_tags": [
              "nfs"
            ],
            "timeouts": null
          },
          "sensitive_attributes": [],
          "private": "eyJlMmJmYjczMC1lY2FhLTExZTYtOGY4OC0zNDM2M2JjN2M0YzAiOnsiY3JlYXRlIjoxMjAwMDAwMDAwMDAwLCJkZWxldGUiOjEyMDAwMDAwMDAwMDAsInVwZGF0ZSI6MTIwMDAwMDAwMDAwMH0sInNjaGVtYV92ZXJzaW9uIjoiMSJ9",
          "dependencies": [
            "google_compute_network.reto4_network"
          ]
        }
      ]
    },
    {
      "module": "module.nfs",
      "mode": "managed",
      "type": "google_compute_instance_from_template",
      "name": "compute_instance",
      "provider": "provider[\"registry.terraform.io/hashicorp/google\"]",
      "instances": [
        {
          "schema_version": 0,
          "attributes": {
            "advanced_machine_features": [],
            "allow_stopping_for_update": null,
            "attached_disk": [],
            "boot_disk": [
              {
                "auto_delete": false,
                "device_name": "persistent-disk-0",
                "disk_encryption_key_raw": "",
                "disk_encryption_key_sha256": "",
                "initialize_params": [
                  {
                    "image": "https://www.googleapis.com/compute/v1/projects/ubuntu-os-cloud/global/images/ubuntu-2004-focal-v20230302",
                    "labels": {},
                    "size": 10,
                    "type": "pd-standard"
                  }
                ],
                "kms_key_self_link": "",
                "mode": "READ_WRITE",
                "source": "https://www.googleapis.com/compute/v1/projects/reto4-moodle/zones/us-central1-a/disks/moodle-nfs-disk"
              }
            ],
            "can_ip_forward": false,
            "confidential_instance_config": [],
            "cpu_platform": "Intel Haswell",
            "current_status": "RUNNING",
            "deletion_protection": false,
            "description": "",
            "desired_status": null,
            "enable_display": false,
            "guest_accelerator": [],
            "hostname": "",
            "id": "projects/reto4-moodle/zones/us-central1-a/instances/moodle-nfs-001",
            "instance_id": "4006817775744712752",
            "label_fingerprint": "42WmSpB8rSM=",
            "labels": {},
            "machine_type": "f1-micro",
            "metadata": {
              "startup-script": "    #  Clean Up exports file\n    \u003e /etc/exports\n\n    #  Install and Configure NFS server\n    apt update \u0026\u0026 apt install -y nfs-kernel-server\n    \n    mkdir -p /mnt/moodle\n    chown nobody:nogroup /mnt/moodle\n    chmod 777 /mnt/moodle\n    echo '/mnt/moodle *(rw,sync,no_subtree_check)' \u003e\u003e /etc/exports\n    \n    mkdir -p /mnt/moodledata\n    chown nobody:nogroup /mnt/moodledata\n    chmod 777 /mnt/moodledata\n    echo '/mnt/moodledata *(rw,sync,no_subtree_check)' \u003e\u003e /etc/exports\n    \n    systemctl restart nfs-kernel-server\n\n    # Setup Stackdriver\n    curl -sSO https://dl.google.com/cloudagents/add-monitoring-agent-repo.sh\n    sudo bash add-monitoring-agent-repo.sh --also-install\n    sudo service stackdriver-agent start\n"
            },
            "metadata_fingerprint": "TASBVwKQkTY=",
            "metadata_startup_script": null,
            "min_cpu_platform": "",
            "name": "moodle-nfs-001",
            "network_interface": [
              {
                "access_config": [
                  {
                    "nat_ip": "35.206.114.29",
                    "network_tier": "STANDARD",
                    "public_ptr_domain_name": ""
                  }
                ],
                "alias_ip_range": [],
                "ipv6_access_config": [],
                "ipv6_access_type": "",
                "name": "nic0",
                "network": "https://www.googleapis.com/compute/v1/projects/reto4-moodle/global/networks/reto4-network",
                "network_ip": "10.128.0.2",
                "nic_type": "",
                "queue_count": 0,
                "stack_type": "IPV4_ONLY",
                "subnetwork": "https://www.googleapis.com/compute/v1/projects/reto4-moodle/regions/us-central1/subnetworks/reto4-network",
                "subnetwork_project": "reto4-moodle"
              }
            ],
            "project": "reto4-moodle",
            "reservation_affinity": [],
            "resource_policies": [],
            "scheduling": [
              {
                "automatic_restart": true,
                "instance_termination_action": "",
                "min_node_cpus": 0,
                "node_affinities": [],
                "on_host_maintenance": "MIGRATE",
                "preemptible": false,
                "provisioning_model": "STANDARD"
              }
            ],
            "scratch_disk": [],
            "self_link": "https://www.googleapis.com/compute/v1/projects/reto4-moodle/zones/us-central1-a/instances/moodle-nfs-001",
            "service_account": [
              {
                "email": "120174534553-compute@developer.gserviceaccount.com",
                "scopes": []
              }
            ],
            "shielded_instance_config": [
              {
                "enable_integrity_monitoring": true,
                "enable_secure_boot": false,
                "enable_vtpm": true
              }
            ],
            "source_instance_template": "https://www.googleapis.com/compute/v1/projects/reto4-moodle/global/instanceTemplates/moodle-nfs-20230503015426768200000001",
            "tags": [
              "nfs"
            ],
            "tags_fingerprint": "O1_fAo7Y8Pc=",
            "timeouts": null,
            "zone": "us-central1-a"
          },
          "sensitive_attributes": [],
          "private": "eyJlMmJmYjczMC1lY2FhLTExZTYtOGY4OC0zNDM2M2JjN2M0YzAiOnsiY3JlYXRlIjoxMjAwMDAwMDAwMDAwLCJkZWxldGUiOjEyMDAwMDAwMDAwMDAsInVwZGF0ZSI6MTIwMDAwMDAwMDAwMH19",
          "dependencies": [
            "google_compute_network.reto4_network",
            "module.nfs.data.google_compute_zones.available",
            "module.nfs.google_compute_address.default",
            "module.nfs.google_compute_disk.default",
            "module.nfs.google_compute_instance_template.tpl"
          ]
        }
      ]
    },
    {
      "module": "module.nfs",
      "mode": "managed",
      "type": "google_compute_instance_template",
      "name": "tpl",
      "provider": "provider[\"registry.terraform.io/hashicorp/google\"]",
      "instances": [
        {
          "schema_version": 1,
          "attributes": {
            "advanced_machine_features": [],
            "can_ip_forward": false,
            "confidential_instance_config": null,
            "description": "",
            "disk": [
              {
                "auto_delete": false,
                "boot": true,
                "device_name": "persistent-disk-0",
                "disk_encryption_key": [],
                "disk_name": "",
                "disk_size_gb": 0,
                "disk_type": "",
                "interface": "SCSI",
                "labels": null,
                "mode": "READ_WRITE",
                "resource_policies": null,
                "source": "moodle-nfs-disk",
                "source_image": "",
                "source_image_encryption_key": [],
                "source_snapshot": "",
                "source_snapshot_encryption_key": [],
                "type": "PERSISTENT"
              }
            ],
            "guest_accelerator": [],
            "id": "projects/reto4-moodle/global/instanceTemplates/moodle-nfs-20230503015426768200000001",
            "instance_description": "",
            "labels": null,
            "machine_type": "f1-micro",
            "metadata": null,
            "metadata_fingerprint": "TASBVwKQkTY=",
            "metadata_startup_script": "    #  Clean Up exports file\n    \u003e /etc/exports\n\n    #  Install and Configure NFS server\n    apt update \u0026\u0026 apt install -y nfs-kernel-server\n    \n    mkdir -p /mnt/moodle\n    chown nobody:nogroup /mnt/moodle\n    chmod 777 /mnt/moodle\n    echo '/mnt/moodle *(rw,sync,no_subtree_check)' \u003e\u003e /etc/exports\n    \n    mkdir -p /mnt/moodledata\n    chown nobody:nogroup /mnt/moodledata\n    chmod 777 /mnt/moodledata\n    echo '/mnt/moodledata *(rw,sync,no_subtree_check)' \u003e\u003e /etc/exports\n    \n    systemctl restart nfs-kernel-server\n\n    # Setup Stackdriver\n    curl -sSO https://dl.google.com/cloudagents/add-monitoring-agent-repo.sh\n    sudo bash add-monitoring-agent-repo.sh --also-install\n    sudo service stackdriver-agent start\n",
            "min_cpu_platform": "",
            "name": "moodle-nfs-20230503015426768200000001",
            "name_prefix": "moodle-nfs-",
            "network_interface": [
              {
                "access_config": [
                  {
                    "nat_ip": "35.206.114.29",
                    "network_tier": "STANDARD",
                    "public_ptr_domain_name": ""
                  }
                ],
                "alias_ip_range": [],
                "ipv6_access_config": [],
                "ipv6_access_type": "",
                "name": "nic0",
                "network": "https://www.googleapis.com/compute/v1/projects/reto4-moodle/global/networks/reto4-network",
                "network_ip": "",
                "nic_type": "",
                "queue_count": 0,
                "stack_type": "",
                "subnetwork": "",
                "subnetwork_project": ""
              }
            ],
            "project": "reto4-moodle",
            "region": null,
            "reservation_affinity": [],
            "resource_policies": null,
            "scheduling": [
              {
                "automatic_restart": true,
                "instance_termination_action": "",
                "min_node_cpus": 0,
                "node_affinities": [],
                "on_host_maintenance": "MIGRATE",
                "preemptible": false,
                "provisioning_model": "STANDARD"
              }
            ],
            "self_link": "https://www.googleapis.com/compute/v1/projects/reto4-moodle/global/instanceTemplates/moodle-nfs-20230503015426768200000001",
            "self_link_unique": "https://www.googleapis.com/compute/v1/projects/reto4-moodle/global/instanceTemplates/moodle-nfs-20230503015426768200000001?uniqueId=3202107682349383740",
            "service_account": [
              {
                "email": "default",
                "scopes": null
              }
            ],
            "shielded_instance_config": [],
            "tags": [
              "nfs"
            ],
            "tags_fingerprint": "",
            "timeouts": null
          },
          "sensitive_attributes": [],
          "private": "eyJlMmJmYjczMC1lY2FhLTExZTYtOGY4OC0zNDM2M2JjN2M0YzAiOnsiY3JlYXRlIjoyNDAwMDAwMDAwMDAsImRlbGV0ZSI6MjQwMDAwMDAwMDAwfSwic2NoZW1hX3ZlcnNpb24iOiIxIn0=",
          "dependencies": [
            "google_compute_network.reto4_network",
            "module.nfs.data.google_compute_zones.available",
            "module.nfs.google_compute_address.default",
            "module.nfs.google_compute_disk.default"
          ],
          "create_before_destroy": true
        }
      ]
    }
  ]
}
